// !$*UTF8*$!
{
	archiveVersion = 1;
	classes = {
	};
	objectVersion = 77;
	objects = {

/* Begin PBXBuildFile section */
		BAE425CA2EA45D5000F88925 /* FirebaseAnalytics in Frameworks */ = {isa = PBXBuildFile; productRef = BAE425C92EA45D5000F88925 /* FirebaseAnalytics */; };
		BAE425CC2EA45D5000F88925 /* FirebaseAuth in Frameworks */ = {isa = PBXBuildFile; productRef = BAE425CB2EA45D5000F88925 /* FirebaseAuth */; };
		BAE425CE2EA45D5000F88925 /* FirebaseCore in Frameworks */ = {isa = PBXBuildFile; productRef = BAE425CD2EA45D5000F88925 /* FirebaseCore */; };
		BAE425D02EA45D5000F88925 /* FirebaseFirestore in Frameworks */ = {isa = PBXBuildFile; productRef = BAE425CF2EA45D5000F88925 /* FirebaseFirestore */; };
/* End PBXBuildFile section */

/* Begin PBXContainerItemProxy section */
		BAE425AA2EA458E900F88925 /* PBXContainerItemProxy */ = {
			isa = PBXContainerItemProxy;
			containerPortal = BAE425942EA458E600F88925 /* Project object */;
			proxyType = 1;
			remoteGlobalIDString = BAE4259B2EA458E600F88925;
			remoteInfo = FriendTime;
		};
		BAE425B42EA458E900F88925 /* PBXContainerItemProxy */ = {
			isa = PBXContainerItemProxy;
			containerPortal = BAE425942EA458E600F88925 /* Project object */;
			proxyType = 1;
			remoteGlobalIDString = BAE4259B2EA458E600F88925;
			remoteInfo = FriendTime;
		};
/* End PBXContainerItemProxy section */

/* Begin PBXFileReference section */
		BAE4259C2EA458E700F88925 /* FriendTime.app */ = {isa = PBXFileReference; explicitFileType = wrapper.application; includeInIndex = 0; path = FriendTime.app; sourceTree = BUILT_PRODUCTS_DIR; };
		BAE425A92EA458E900F88925 /* FriendTimeTests.xctest */ = {isa = PBXFileReference; explicitFileType = wrapper.cfbundle; includeInIndex = 0; path = FriendTimeTests.xctest; sourceTree = BUILT_PRODUCTS_DIR; };
		BAE425B32EA458E900F88925 /* FriendTimeUITests.xctest */ = {isa = PBXFileReference; explicitFileType = wrapper.cfbundle; includeInIndex = 0; path = FriendTimeUITests.xctest; sourceTree = BUILT_PRODUCTS_DIR; };
/* End PBXFileReference section */

/* Begin PBXFileSystemSynchronizedBuildFileExceptionSet section */
		BA50293B2EA46911006B4CFD /* Exceptions for "FriendTime" folder in "FriendTime" target */ = {
			isa = PBXFileSystemSynchronizedBuildFileExceptionSet;
			membershipExceptions = (
				Resources/Info.plist,
			);
			target = BAE4259B2EA458E600F88925 /* FriendTime */;
		};
/* End PBXFileSystemSynchronizedBuildFileExceptionSet section */

/* Begin PBXFileSystemSynchronizedRootGroup section */
		BAE4259E2EA458E700F88925 /* FriendTime */ = {
			isa = PBXFileSystemSynchronizedRootGroup;
			exceptions = (
				BA50293B2EA46911006B4CFD /* Exceptions for "FriendTime" folder in "FriendTime" target */,
			);
			path = FriendTime;
			sourceTree = "<group>";
		};
		BAE425AC2EA458E900F88925 /* FriendTimeTests */ = {
			isa = PBXFileSystemSynchronizedRootGroup;
			path = FriendTimeTests;
			sourceTree = "<group>";
		};
		BAE425B62EA458E900F88925 /* FriendTimeUITests */ = {
			isa = PBXFileSystemSynchronizedRootGroup;
			path = FriendTimeUITests;
			sourceTree = "<group>";
		};
/* End PBXFileSystemSynchronizedRootGroup section */

/* Begin PBXFrameworksBuildPhase section */
		BAE425992EA458E600F88925 /* Frameworks */ = {
			isa = PBXFrameworksBuildPhase;
			buildActionMask = 2147483647;
			files = (
				BAE425CA2EA45D5000F88925 /* FirebaseAnalytics in Frameworks */,
				BAE425D02EA45D5000F88925 /* FirebaseFirestore in Frameworks */,
				BAE425CE2EA45D5000F88925 /* FirebaseCore in Frameworks */,
				BAE425CC2EA45D5000F88925 /* FirebaseAuth in Frameworks */,
			);
			runOnlyForDeploymentPostprocessing = 0;
		};
		BAE425A62EA458E900F88925 /* Frameworks */ = {
			isa = PBXFrameworksBuildPhase;
			buildActionMask = 2147483647;
			files = (
			);
			runOnlyForDeploymentPostprocessing = 0;
		};
		BAE425B02EA458E900F88925 /* Frameworks */ = {
			isa = PBXFrameworksBuildPhase;
			buildActionMask = 2147483647;
			files = (
			);
			runOnlyForDeploymentPostprocessing = 0;
		};
/* End PBXFrameworksBuildPhase section */

/* Begin PBXGroup section */
		BAE425932EA458E600F88925 = {
			isa = PBXGroup;
			children = (
				BAE4259E2EA458E700F88925 /* FriendTime */,
				BAE425AC2EA458E900F88925 /* FriendTimeTests */,
				BAE425B62EA458E900F88925 /* FriendTimeUITests */,
				BAE4259D2EA458E700F88925 /* Products */,
			);
			sourceTree = "<group>";
		};
		BAE4259D2EA458E700F88925 /* Products */ = {
			isa = PBXGroup;
			children = (
				BAE4259C2EA458E700F88925 /* FriendTime.app */,
				BAE425A92EA458E900F88925 /* FriendTimeTests.xctest */,
				BAE425B32EA458E900F88925 /* FriendTimeUITests.xctest */,
			);
			name = Products;
			sourceTree = "<group>";
		};
/* End PBXGroup section */

/* Begin PBXNativeTarget section */
		BAE4259B2EA458E600F88925 /* FriendTime */ = {
			isa = PBXNativeTarget;
			buildConfigurationList = BAE425BD2EA458E900F88925 /* Build configuration list for PBXNativeTarget "FriendTime" */;
			buildPhases = (
				BAE425982EA458E600F88925 /* Sources */,
				BAE425992EA458E600F88925 /* Frameworks */,
				BAE4259A2EA458E600F88925 /* Resources */,
			);
			buildRules = (
			);
			dependencies = (
			);
			fileSystemSynchronizedGroups = (
				BAE4259E2EA458E700F88925 /* FriendTime */,
			);
			name = FriendTime;
			packageProductDependencies = (
				BAE425C92EA45D5000F88925 /* FirebaseAnalytics */,
				BAE425CB2EA45D5000F88925 /* FirebaseAuth */,
				BAE425CD2EA45D5000F88925 /* FirebaseCore */,
				BAE425CF2EA45D5000F88925 /* FirebaseFirestore */,
			);
			productName = FriendTime;
			productReference = BAE4259C2EA458E700F88925 /* FriendTime.app */;
			productType = "com.apple.product-type.application";
		};
		BAE425A82EA458E900F88925 /* FriendTimeTests */ = {
			isa = PBXNativeTarget;
			buildConfigurationList = BAE425C02EA458E900F88925 /* Build configuration list for PBXNativeTarget "FriendTimeTests" */;
			buildPhases = (
				BAE425A52EA458E900F88925 /* Sources */,
				BAE425A62EA458E900F88925 /* Frameworks */,
				BAE425A72EA458E900F88925 /* Resources */,
			);
			buildRules = (
			);
			dependencies = (
				BAE425AB2EA458E900F88925 /* PBXTargetDependency */,
			);
			fileSystemSynchronizedGroups = (
				BAE425AC2EA458E900F88925 /* FriendTimeTests */,
			);
			name = FriendTimeTests;
			packageProductDependencies = (
			);
			productName = FriendTimeTests;
			productReference = BAE425A92EA458E900F88925 /* FriendTimeTests.xctest */;
			productType = "com.apple.product-type.bundle.unit-test";
		};
		BAE425B22EA458E900F88925 /* FriendTimeUITests */ = {
			isa = PBXNativeTarget;
			buildConfigurationList = BAE425C32EA458E900F88925 /* Build configuration list for PBXNativeTarget "FriendTimeUITests" */;
			buildPhases = (
				BAE425AF2EA458E900F88925 /* Sources */,
				BAE425B02EA458E900F88925 /* Frameworks */,
				BAE425B12EA458E900F88925 /* Resources */,
			);
			buildRules = (
			);
			dependencies = (
				BAE425B52EA458E900F88925 /* PBXTargetDependency */,
			);
			fileSystemSynchronizedGroups = (
				BAE425B62EA458E900F88925 /* FriendTimeUITests */,
			);
			name = FriendTimeUITests;
			packageProductDependencies = (
			);
			productName = FriendTimeUITests;
			productReference = BAE425B32EA458E900F88925 /* FriendTimeUITests.xctest */;
			productType = "com.apple.product-type.bundle.ui-testing";
		};
/* End PBXNativeTarget section */

/* Begin PBXProject section */
		BAE425942EA458E600F88925 /* Project object */ = {
			isa = PBXProject;
			attributes = {
				BuildIndependentTargetsInParallel = 1;
				LastSwiftUpdateCheck = 2600;
				LastUpgradeCheck = 2600;
				TargetAttributes = {
					BAE4259B2EA458E600F88925 = {
						CreatedOnToolsVersion = 26.0.1;
					};
					BAE425A82EA458E900F88925 = {
						CreatedOnToolsVersion = 26.0.1;
						TestTargetID = BAE4259B2EA458E600F88925;
					};
					BAE425B22EA458E900F88925 = {
						CreatedOnToolsVersion = 26.0.1;
						TestTargetID = BAE4259B2EA458E600F88925;
					};
				};
			};
			buildConfigurationList = BAE425972EA458E600F88925 /* Build configuration list for PBXProject "FriendTime" */;
			developmentRegion = en;
			hasScannedForEncodings = 0;
			knownRegions = (
				en,
				Base,
			);
			mainGroup = BAE425932EA458E600F88925;
			minimizedProjectReferenceProxies = 1;
			packageReferences = (
				BAE425C82EA45D5000F88925 /* XCRemoteSwiftPackageReference "firebase-ios-sdk" */,
			);
			preferredProjectObjectVersion = 77;
			productRefGroup = BAE4259D2EA458E700F88925 /* Products */;
			projectDirPath = "";
			projectRoot = "";
			targets = (
				BAE4259B2EA458E600F88925 /* FriendTime */,
				BAE425A82EA458E900F88925 /* FriendTimeTests */,
				BAE425B22EA458E900F88925 /* FriendTimeUITests */,
			);
		};
/* End PBXProject section */

/* Begin PBXResourcesBuildPhase section */
		BAE4259A2EA458E600F88925 /* Resources */ = {
			isa = PBXResourcesBuildPhase;
			buildActionMask = 2147483647;
			files = (
			);
			runOnlyForDeploymentPostprocessing = 0;
		};
		BAE425A72EA458E900F88925 /* Resources */ = {
			isa = PBXResourcesBuildPhase;
			buildActionMask = 2147483647;
			files = (
			);
			runOnlyForDeploymentPostprocessing = 0;
		};
		BAE425B12EA458E900F88925 /* Resources */ = {
			isa = PBXResourcesBuildPhase;
			buildActionMask = 2147483647;
			files = (
			);
			runOnlyForDeploymentPostprocessing = 0;
		};
/* End PBXResourcesBuildPhase section */

/* Begin PBXSourcesBuildPhase section */
		BAE425982EA458E600F88925 /* Sources */ = {
			isa = PBXSourcesBuildPhase;
			buildActionMask = 2147483647;
			files = (
			);
			runOnlyForDeploymentPostprocessing = 0;
		};
		BAE425A52EA458E900F88925 /* Sources */ = {
			isa = PBXSourcesBuildPhase;
			buildActionMask = 2147483647;
			files = (
			);
			runOnlyForDeploymentPostprocessing = 0;
		};
		BAE425AF2EA458E900F88925 /* Sources */ = {
			isa = PBXSourcesBuildPhase;
			buildActionMask = 2147483647;
			files = (
			);
			runOnlyForDeploymentPostprocessing = 0;
		};
/* End PBXSourcesBuildPhase section */

/* Begin PBXTargetDependency section */
		BAE425AB2EA458E900F88925 /* PBXTargetDependency */ = {
			isa = PBXTargetDependency;
			target = BAE4259B2EA458E600F88925 /* FriendTime */;
			targetProxy = BAE425AA2EA458E900F88925 /* PBXContainerItemProxy */;
		};
		BAE425B52EA458E900F88925 /* PBXTargetDependency */ = {
			isa = PBXTargetDependency;
			target = BAE4259B2EA458E600F88925 /* FriendTime */;
			targetProxy = BAE425B42EA458E900F88925 /* PBXContainerItemProxy */;
		};
/* End PBXTargetDependency section */

/* Begin XCBuildConfiguration section */
		BAE425BB2EA458E900F88925 /* Debug */ = {
			isa = XCBuildConfiguration;
			buildSettings = {
				ALWAYS_SEARCH_USER_PATHS = NO;
				ASSETCATALOG_COMPILER_GENERATE_SWIFT_ASSET_SYMBOL_EXTENSIONS = YES;
				CLANG_ANALYZER_NONNULL = YES;
				CLANG_ANALYZER_NUMBER_OBJECT_CONVERSION = YES_AGGRESSIVE;
				CLANG_CXX_LANGUAGE_STANDARD = "gnu++20";
				CLANG_ENABLE_MODULES = YES;
				CLANG_ENABLE_OBJC_ARC = YES;
				CLANG_ENABLE_OBJC_WEAK = YES;
				CLANG_WARN_BLOCK_CAPTURE_AUTORELEASING = YES;
				CLANG_WARN_BOOL_CONVERSION = YES;
				CLANG_WARN_COMMA = YES;
				CLANG_WARN_CONSTANT_CONVERSION = YES;
				CLANG_WARN_DEPRECATED_OBJC_IMPLEMENTATIONS = YES;
				CLANG_WARN_DIRECT_OBJC_ISA_USAGE = YES_ERROR;
				CLANG_WARN_DOCUMENTATION_COMMENTS = YES;
				CLANG_WARN_EMPTY_BODY = YES;
				CLANG_WARN_ENUM_CONVERSION = YES;
				CLANG_WARN_INFINITE_RECURSION = YES;
				CLANG_WARN_INT_CONVERSION = YES;
				CLANG_WARN_NON_LITERAL_NULL_CONVERSION = YES;
				CLANG_WARN_OBJC_IMPLICIT_RETAIN_SELF = YES;
				CLANG_WARN_OBJC_LITERAL_CONVERSION = YES;
				CLANG_WARN_OBJC_ROOT_CLASS = YES_ERROR;
				CLANG_WARN_QUOTED_INCLUDE_IN_FRAMEWORK_HEADER = YES;
				CLANG_WARN_RANGE_LOOP_ANALYSIS = YES;
				CLANG_WARN_STRICT_PROTOTYPES = YES;
				CLANG_WARN_SUSPICIOUS_MOVE = YES;
				CLANG_WARN_UNGUARDED_AVAILABILITY = YES_AGGRESSIVE;
				CLANG_WARN_UNREACHABLE_CODE = YES;
				CLANG_WARN__DUPLICATE_METHOD_MATCH = YES;
				COPY_PHASE_STRIP = NO;
				DEBUG_INFORMATION_FORMAT = dwarf;
				DEVELOPMENT_TEAM = N97JH7SC4C;
				ENABLE_STRICT_OBJC_MSGSEND = YES;
				ENABLE_TESTABILITY = YES;
				ENABLE_USER_SCRIPT_SANDBOXING = YES;
				GCC_C_LANGUAGE_STANDARD = gnu17;
				GCC_DYNAMIC_NO_PIC = NO;
				GCC_NO_COMMON_BLOCKS = YES;
				GCC_OPTIMIZATION_LEVEL = 0;
				GCC_PREPROCESSOR_DEFINITIONS = (
					"DEBUG=1",
					"$(inherited)",
				);
				GCC_WARN_64_TO_32_BIT_CONVERSION = YES;
				GCC_WARN_ABOUT_RETURN_TYPE = YES_ERROR;
				GCC_WARN_UNDECLARED_SELECTOR = YES;
				GCC_WARN_UNINITIALIZED_AUTOS = YES_AGGRESSIVE;
				GCC_WARN_UNUSED_FUNCTION = YES;
				GCC_WARN_UNUSED_VARIABLE = YES;
				IPHONEOS_DEPLOYMENT_TARGET = 26.0;
				LOCALIZATION_PREFERS_STRING_CATALOGS = YES;
				MTL_ENABLE_DEBUG_INFO = INCLUDE_SOURCE;
				MTL_FAST_MATH = YES;
				ONLY_ACTIVE_ARCH = YES;
				SDKROOT = iphoneos;
				SWIFT_ACTIVE_COMPILATION_CONDITIONS = "DEBUG $(inherited)";
				SWIFT_OPTIMIZATION_LEVEL = "-Onone";
			};
			name = Debug;
		};
		BAE425BC2EA458E900F88925 /* Release */ = {
			isa = XCBuildConfiguration;
			buildSettings = {
				ALWAYS_SEARCH_USER_PATHS = NO;
				ASSETCATALOG_COMPILER_GENERATE_SWIFT_ASSET_SYMBOL_EXTENSIONS = YES;
				CLANG_ANALYZER_NONNULL = YES;
				CLANG_ANALYZER_NUMBER_OBJECT_CONVERSION = YES_AGGRESSIVE;
				CLANG_CXX_LANGUAGE_STANDARD = "gnu++20";
				CLANG_ENABLE_MODULES = YES;
				CLANG_ENABLE_OBJC_ARC = YES;
				CLANG_ENABLE_OBJC_WEAK = YES;
				CLANG_WARN_BLOCK_CAPTURE_AUTORELEASING = YES;
				CLANG_WARN_BOOL_CONVERSION = YES;
				CLANG_WARN_COMMA = YES;
				CLANG_WARN_CONSTANT_CONVERSION = YES;
				CLANG_WARN_DEPRECATED_OBJC_IMPLEMENTATIONS = YES;
				CLANG_WARN_DIRECT_OBJC_ISA_USAGE = YES_ERROR;
				CLANG_WARN_DOCUMENTATION_COMMENTS = YES;
				CLANG_WARN_EMPTY_BODY = YES;
				CLANG_WARN_ENUM_CONVERSION = YES;
				CLANG_WARN_INFINITE_RECURSION = YES;
				CLANG_WARN_INT_CONVERSION = YES;
				CLANG_WARN_NON_LITERAL_NULL_CONVERSION = YES;
				CLANG_WARN_OBJC_IMPLICIT_RETAIN_SELF = YES;
				CLANG_WARN_OBJC_LITERAL_CONVERSION = YES;
				CLANG_WARN_OBJC_ROOT_CLASS = YES_ERROR;
				CLANG_WARN_QUOTED_INCLUDE_IN_FRAMEWORK_HEADER = YES;
				CLANG_WARN_RANGE_LOOP_ANALYSIS = YES;
				CLANG_WARN_STRICT_PROTOTYPES = YES;
				CLANG_WARN_SUSPICIOUS_MOVE = YES;
				CLANG_WARN_UNGUARDED_AVAILABILITY = YES_AGGRESSIVE;
				CLANG_WARN_UNREACHABLE_CODE = YES;
				CLANG_WARN__DUPLICATE_METHOD_MATCH = YES;
				COPY_PHASE_STRIP = NO;
				DEBUG_INFORMATION_FORMAT = "dwarf-with-dsym";
				DEVELOPMENT_TEAM = N97JH7SC4C;
				ENABLE_NS_ASSERTIONS = NO;
				ENABLE_STRICT_OBJC_MSGSEND = YES;
				ENABLE_USER_SCRIPT_SANDBOXING = YES;
				GCC_C_LANGUAGE_STANDARD = gnu17;
				GCC_NO_COMMON_BLOCKS = YES;
				GCC_WARN_64_TO_32_BIT_CONVERSION = YES;
				GCC_WARN_ABOUT_RETURN_TYPE = YES_ERROR;
				GCC_WARN_UNDECLARED_SELECTOR = YES;
				GCC_WARN_UNINITIALIZED_AUTOS = YES_AGGRESSIVE;
				GCC_WARN_UNUSED_FUNCTION = YES;
				GCC_WARN_UNUSED_VARIABLE = YES;
				IPHONEOS_DEPLOYMENT_TARGET = 26.0;
				LOCALIZATION_PREFERS_STRING_CATALOGS = YES;
				MTL_ENABLE_DEBUG_INFO = NO;
				MTL_FAST_MATH = YES;
				SDKROOT = iphoneos;
				SWIFT_COMPILATION_MODE = wholemodule;
				VALIDATE_PRODUCT = YES;
			};
			name = Release;
		};
		BAE425BE2EA458E900F88925 /* Debug */ = {
			isa = XCBuildConfiguration;
			buildSettings = {
				ASSETCATALOG_COMPILER_APPICON_NAME = AppIcon;
				ASSETCATALOG_COMPILER_GLOBAL_ACCENT_COLOR_NAME = AccentColor;
				CODE_SIGN_STYLE = Automatic;
				CURRENT_PROJECT_VERSION = 1;
				DEVELOPMENT_TEAM = N97JH7SC4C;
				ENABLE_PREVIEWS = YES;
				GENERATE_INFOPLIST_FILE = YES;
				INFOPLIST_FILE = FriendTime/Info.plist;
				INFOPLIST_KEY_NSLocationAlwaysUsageDescription = "FriendTime uses your location in the background to keep your time zone accurate for friends.";
				INFOPLIST_KEY_NSLocationWhenInUseUsageDescription = "FriendTime uses your location to show your friends what time it is where you are.";
				INFOPLIST_KEY_UIApplicationSceneManifest_Generation = YES;
				INFOPLIST_KEY_UIApplicationSupportsIndirectInputEvents = YES;
				INFOPLIST_KEY_UILaunchScreen_Generation = YES;
				INFOPLIST_KEY_UISupportedInterfaceOrientations_iPad = "UIInterfaceOrientationPortrait UIInterfaceOrientationPortraitUpsideDown UIInterfaceOrientationLandscapeLeft UIInterfaceOrientationLandscapeRight";
				INFOPLIST_KEY_UISupportedInterfaceOrientations_iPhone = "UIInterfaceOrientationPortrait UIInterfaceOrientationLandscapeLeft UIInterfaceOrientationLandscapeRight";
				IPHONEOS_DEPLOYMENT_TARGET = 18.6;
				LD_RUNPATH_SEARCH_PATHS = (
					"$(inherited)",
					"@executable_path/Frameworks",
				);
				MARKETING_VERSION = 1.0;
				NEW_SETTING = "";
				PRODUCT_BUNDLE_IDENTIFIER = com.AlysonKosek.FriendTime;
				PRODUCT_NAME = "$(TARGET_NAME)";
				STRING_CATALOG_GENERATE_SYMBOLS = YES;
				SWIFT_APPROACHABLE_CONCURRENCY = YES;
				SWIFT_DEFAULT_ACTOR_ISOLATION = MainActor;
				SWIFT_EMIT_LOC_STRINGS = YES;
				SWIFT_UPCOMING_FEATURE_MEMBER_IMPORT_VISIBILITY = YES;
				SWIFT_VERSION = 5.0;
				TARGETED_DEVICE_FAMILY = "1,2";
			};
			name = Debug;
		};
		BAE425BF2EA458E900F88925 /* Release */ = {
			isa = XCBuildConfiguration;
			buildSettings = {
				ASSETCATALOG_COMPILER_APPICON_NAME = AppIcon;
				ASSETCATALOG_COMPILER_GLOBAL_ACCENT_COLOR_NAME = AccentColor;
				CODE_SIGN_STYLE = Automatic;
				CURRENT_PROJECT_VERSION = 1;
				DEVELOPMENT_TEAM = N97JH7SC4C;
				ENABLE_PREVIEWS = YES;
				GENERATE_INFOPLIST_FILE = YES;
				INFOPLIST_FILE = FriendTime/Info.plist;
				INFOPLIST_KEY_NSLocationAlwaysUsageDescription = "FriendTime uses your location in the background to keep your time zone accurate for friends.";
				INFOPLIST_KEY_NSLocationWhenInUseUsageDescription = "FriendTime uses your location to show your friends what time it is where you are.";
				INFOPLIST_KEY_UIApplicationSceneManifest_Generation = YES;
				INFOPLIST_KEY_UIApplicationSupportsIndirectInputEvents = YES;
				INFOPLIST_KEY_UILaunchScreen_Generation = YES;
				INFOPLIST_KEY_UISupportedInterfaceOrientations_iPad = "UIInterfaceOrientationPortrait UIInterfaceOrientationPortraitUpsideDown UIInterfaceOrientationLandscapeLeft UIInterfaceOrientationLandscapeRight";
				INFOPLIST_KEY_UISupportedInterfaceOrientations_iPhone = "UIInterfaceOrientationPortrait UIInterfaceOrientationLandscapeLeft UIInterfaceOrientationLandscapeRight";
				IPHONEOS_DEPLOYMENT_TARGET = 18.6;
				LD_RUNPATH_SEARCH_PATHS = (
					"$(inherited)",
					"@executable_path/Frameworks",
				);
				MARKETING_VERSION = 1.0;
				NEW_SETTING = "";
				PRODUCT_BUNDLE_IDENTIFIER = com.AlysonKosek.FriendTime;
				PRODUCT_NAME = "$(TARGET_NAME)";
				STRING_CATALOG_GENERATE_SYMBOLS = YES;
				SWIFT_APPROACHABLE_CONCURRENCY = YES;
				SWIFT_DEFAULT_ACTOR_ISOLATION = MainActor;
				SWIFT_EMIT_LOC_STRINGS = YES;
				SWIFT_UPCOMING_FEATURE_MEMBER_IMPORT_VISIBILITY = YES;
				SWIFT_VERSION = 5.0;
				TARGETED_DEVICE_FAMILY = "1,2";
			};
			name = Release;
		};
		BAE425C12EA458E900F88925 /* Debug */ = {
			isa = XCBuildConfiguration;
			buildSettings = {
				BUNDLE_LOADER = "$(TEST_HOST)";
				CODE_SIGN_STYLE = Automatic;
				CURRENT_PROJECT_VERSION = 1;
				DEVELOPMENT_TEAM = N97JH7SC4C;
				GENERATE_INFOPLIST_FILE = YES;
				IPHONEOS_DEPLOYMENT_TARGET = 26.0;
				MARKETING_VERSION = 1.0;
				PRODUCT_BUNDLE_IDENTIFIER = com.AlysonKosek.FriendTimeTests;
				PRODUCT_NAME = "$(TARGET_NAME)";
				STRING_CATALOG_GENERATE_SYMBOLS = NO;
				SWIFT_APPROACHABLE_CONCURRENCY = YES;
				SWIFT_EMIT_LOC_STRINGS = NO;
				SWIFT_UPCOMING_FEATURE_MEMBER_IMPORT_VISIBILITY = YES;
				SWIFT_VERSION = 5.0;
				TARGETED_DEVICE_FAMILY = "1,2";
				TEST_HOST = "$(BUILT_PRODUCTS_DIR)/FriendTime.app/$(BUNDLE_EXECUTABLE_FOLDER_PATH)/FriendTime";
			};
			name = Debug;
		};
		BAE425C22EA458E900F88925 /* Release */ = {
			isa = XCBuildConfiguration;
			buildSettings = {
				BUNDLE_LOADER = "$(TEST_HOST)";
				CODE_SIGN_STYLE = Automatic;
				CURRENT_PROJECT_VERSION = 1;
				DEVELOPMENT_TEAM = N97JH7SC4C;
				GENERATE_INFOPLIST_FILE = YES;
				IPHONEOS_DEPLOYMENT_TARGET = 26.0;
				MARKETING_VERSION = 1.0;
				PRODUCT_BUNDLE_IDENTIFIER = com.AlysonKosek.FriendTimeTests;
				PRODUCT_NAME = "$(TARGET_NAME)";
				STRING_CATALOG_GENERATE_SYMBOLS = NO;
				SWIFT_APPROACHABLE_CONCURRENCY = YES;
				SWIFT_EMIT_LOC_STRINGS = NO;
				SWIFT_UPCOMING_FEATURE_MEMBER_IMPORT_VISIBILITY = YES;
				SWIFT_VERSION = 5.0;
				TARGETED_DEVICE_FAMILY = "1,2";
				TEST_HOST = "$(BUILT_PRODUCTS_DIR)/FriendTime.app/$(BUNDLE_EXECUTABLE_FOLDER_PATH)/FriendTime";
			};
			name = Release;
		};
		BAE425C42EA458E900F88925 /* Debug */ = {
			isa = XCBuildConfiguration;
			buildSettings = {
				CODE_SIGN_STYLE = Automatic;
				CURRENT_PROJECT_VERSION = 1;
				DEVELOPMENT_TEAM = N97JH7SC4C;
				GENERATE_INFOPLIST_FILE = YES;
				MARKETING_VERSION = 1.0;
				PRODUCT_BUNDLE_IDENTIFIER = com.AlysonKosek.FriendTimeUITests;
				PRODUCT_NAME = "$(TARGET_NAME)";
				STRING_CATALOG_GENERATE_SYMBOLS = NO;
				SWIFT_APPROACHABLE_CONCURRENCY = YES;
				SWIFT_EMIT_LOC_STRINGS = NO;
				SWIFT_UPCOMING_FEATURE_MEMBER_IMPORT_VISIBILITY = YES;
				SWIFT_VERSION = 5.0;
				TARGETED_DEVICE_FAMILY = "1,2";
				TEST_TARGET_NAME = FriendTime;
			};
			name = Debug;
		};
		BAE425C52EA458E900F88925 /* Release */ = {
			isa = XCBuildConfiguration;
			buildSettings = {
				CODE_SIGN_STYLE = Automatic;
				CURRENT_PROJECT_VERSION = 1;
				DEVELOPMENT_TEAM = N97JH7SC4C;
				GENERATE_INFOPLIST_FILE = YES;
				MARKETING_VERSION = 1.0;
				PRODUCT_BUNDLE_IDENTIFIER = com.AlysonKosek.FriendTimeUITests;
				PRODUCT_NAME = "$(TARGET_NAME)";
				STRING_CATALOG_GENERATE_SYMBOLS = NO;
				SWIFT_APPROACHABLE_CONCURRENCY = YES;
				SWIFT_EMIT_LOC_STRINGS = NO;
				SWIFT_UPCOMING_FEATURE_MEMBER_IMPORT_VISIBILITY = YES;
				SWIFT_VERSION = 5.0;
				TARGETED_DEVICE_FAMILY = "1,2";
				TEST_TARGET_NAME = FriendTime;
			};
			name = Release;
		};
/* End XCBuildConfiguration section */

/* Begin XCConfigurationList section */
		BAE425972EA458E600F88925 /* Build configuration list for PBXProject "FriendTime" */ = {
			isa = XCConfigurationList;
			buildConfigurations = (
				BAE425BB2EA458E900F88925 /* Debug */,
				BAE425BC2EA458E900F88925 /* Release */,
			);
			defaultConfigurationIsVisible = 0;
			defaultConfigurationName = Release;
		};
		BAE425BD2EA458E900F88925 /* Build configuration list for PBXNativeTarget "FriendTime" */ = {
			isa = XCConfigurationList;
			buildConfigurations = (
				BAE425BE2EA458E900F88925 /* Debug */,
				BAE425BF2EA458E900F88925 /* Release */,
			);
			defaultConfigurationIsVisible = 0;
			defaultConfigurationName = Release;
		};
		BAE425C02EA458E900F88925 /* Build configuration list for PBXNativeTarget "FriendTimeTests" */ = {
			isa = XCConfigurationList;
			buildConfigurations = (
				BAE425C12EA458E900F88925 /* Debug */,
				BAE425C22EA458E900F88925 /* Release */,
			);
			defaultConfigurationIsVisible = 0;
			defaultConfigurationName = Release;
		};
		BAE425C32EA458E900F88925 /* Build configuration list for PBXNativeTarget "FriendTimeUITests" */ = {
			isa = XCConfigurationList;
			buildConfigurations = (
				BAE425C42EA458E900F88925 /* Debug */,
				BAE425C52EA458E900F88925 /* Release */,
			);
			defaultConfigurationIsVisible = 0;
			defaultConfigurationName = Release;
		};
/* End XCConfigurationList section */

/* Begin XCRemoteSwiftPackageReference section */
		BAE425C82EA45D5000F88925 /* XCRemoteSwiftPackageReference "firebase-ios-sdk" */ = {
			isa = XCRemoteSwiftPackageReference;
			repositoryURL = "https://github.com/firebase/firebase-ios-sdk";
			requirement = {
				kind = upToNextMajorVersion;
				minimumVersion = 12.4.0;
			};
		};
/* End XCRemoteSwiftPackageReference section */

/* Begin XCSwiftPackageProductDependency section */
		BAE425C92EA45D5000F88925 /* FirebaseAnalytics */ = {
			isa = XCSwiftPackageProductDependency;
			package = BAE425C82EA45D5000F88925 /* XCRemoteSwiftPackageReference "firebase-ios-sdk" */;
			productName = FirebaseAnalytics;
		};
		BAE425CB2EA45D5000F88925 /* FirebaseAuth */ = {
			isa = XCSwiftPackageProductDependency;
			package = BAE425C82EA45D5000F88925 /* XCRemoteSwiftPackageReference "firebase-ios-sdk" */;
			productName = FirebaseAuth;
		};
		BAE425CD2EA45D5000F88925 /* FirebaseCore */ = {
			isa = XCSwiftPackageProductDependency;
			package = BAE425C82EA45D5000F88925 /* XCRemoteSwiftPackageReference "firebase-ios-sdk" */;
			productName = FirebaseCore;
		};
		BAE425CF2EA45D5000F88925 /* FirebaseFirestore */ = {
			isa = XCSwiftPackageProductDependency;
			package = BAE425C82EA45D5000F88925 /* XCRemoteSwiftPackageReference "firebase-ios-sdk" */;
			productName = FirebaseFirestore;
		};
/* End XCSwiftPackageProductDependency section */
	};
	rootObject = BAE425942EA458E600F88925 /* Project object */;
}
